
Microsoft Visual Studio Solution File, Format Version 12.00
# Visual Studio Version 17
VisualStudioVersion = 17.7.34031.279
MinimumVisualStudioVersion = 10.0.40219.1
Project("{FAE04EC0-301F-11D3-BF4B-00C04F79EFBC}") = "DemoMVC", "DemoMVC.csproj", "{FFB0F578-A3FD-4D4A-9B5C-192338DE5497}"
EndProject
Global
	GlobalSection(SolutionConfigurationPlatforms) = preSolution
		Debug|Any CPU = Debug|Any CPU
		Release|Any CPU = Release|Any CPU
	EndGlobalSection
	GlobalSection(ProjectConfigurationPlatforms) = postSolution
		{FFB0F578-A3FD-4D4A-9B5C-192338DE5497}.Debug|Any CPU.ActiveCfg = Debug|Any CPU
		{FFB0F578-A3FD-4D4A-9B5C-192338DE5497}.Debug|Any CPU.Build.0 = Debug|Any CPU
		{FFB0F578-A3FD-4D4A-9B5C-192338DE5497}.Release|Any CPU.ActiveCfg = Release|Any CPU
		{FFB0F578-A3FD-4D4A-9B5C-192338DE5497}.Release|Any CPU.Build.0 = Release|Any CPU
	EndGlobalSection
	GlobalSection(SolutionProperties) = preSolution
		HideSolutionNode = FALSE
	EndGlobalSection
	GlobalSection(ExtensibilityGlobals) = postSolution
		SolutionGuid = {56A74BDB-E96A-4717-90A2-B0E30194CDBD}
	EndGlobalSection
EndGlobal
